
Microsoft Visual Studio Solution File, Format Version 12.00
# Visual Studio Version 17
VisualStudioVersion = 17.11.35222.181
MinimumVisualStudioVersion = 10.0.40219.1
Project("{FAE04EC0-301F-11D3-BF4B-00C04F79EFBC}") = "TaskManagers", "TaskManagers\TaskManagers.csproj", "{2479C58E-733B-45A3-ABBA-7A328012C48D}"
EndProject
Project("{FAE04EC0-301F-11D3-BF4B-00C04F79EFBC}") = "TaskManagerConsumer", "TaskManagerConsumer\TaskManagerConsumer.csproj", "{CDB8521D-C980-4287-B84B-494E3E2DDA09}"
EndProject
Global
	GlobalSection(SolutionConfigurationPlatforms) = preSolution
		Debug|Any CPU = Debug|Any CPU
		Release|Any CPU = Release|Any CPU
	EndGlobalSection
	GlobalSection(ProjectConfigurationPlatforms) = postSolution
		{2479C58E-733B-45A3-ABBA-7A328012C48D}.Debug|Any CPU.ActiveCfg = Debug|Any CPU
		{2479C58E-733B-45A3-ABBA-7A328012C48D}.Debug|Any CPU.Build.0 = Debug|Any CPU
		{2479C58E-733B-45A3-ABBA-7A328012C48D}.Release|Any CPU.ActiveCfg = Release|Any CPU
		{2479C58E-733B-45A3-ABBA-7A328012C48D}.Release|Any CPU.Build.0 = Release|Any CPU
		{CDB8521D-C980-4287-B84B-494E3E2DDA09}.Debug|Any CPU.ActiveCfg = Debug|Any CPU
		{CDB8521D-C980-4287-B84B-494E3E2DDA09}.Debug|Any CPU.Build.0 = Debug|Any CPU
		{CDB8521D-C980-4287-B84B-494E3E2DDA09}.Release|Any CPU.ActiveCfg = Release|Any CPU
		{CDB8521D-C980-4287-B84B-494E3E2DDA09}.Release|Any CPU.Build.0 = Release|Any CPU
	EndGlobalSection
	GlobalSection(SolutionProperties) = preSolution
		HideSolutionNode = FALSE
	EndGlobalSection
	GlobalSection(ExtensibilityGlobals) = postSolution
		SolutionGuid = {C6052728-F7EA-41F1-9AF9-0E4C9B23E266}
	EndGlobalSection
EndGlobal
